{
  "originHash" : "dda23eceebdcb325265f1621706843e92060c4266a0be059cb0cf3c51b6691a8",
  "pins" : [
    {
      "identity" : "mobilecore",
      "kind" : "remoteSourceControl",
      "location" : "https://github.com/Gaea-iOS/MobileCore.git",
      "state" : {
        "revision" : "e30125b52a45d5fd9c97cd986b2f3b39ed2bae01"
      }
    },
    {
      "identity" : "swift-collections",
      "kind" : "remoteSourceControl",
      "location" : "https://github.com/apple/swift-collections.git",
      "state" : {
        "revision" : "8c0c0a8b49e080e54e5e328cc552821ff07cd341",
        "version" : "1.2.1"
      }
    }
  ],
  "version" : 3
}
