{
  "originHash" : "f0b822b3dc9ac37d3388da2640961dad053ba7bf20a1cb4b76b0f3bb27b303c9",
  "pins" : [
    {
      "identity" : "mobilecore",
      "kind" : "remoteSourceControl",
      "location" : "https://github.com/Gaea-iOS/MobileCore.git",
      "state" : {
        "revision" : "8983f11a5a899f99e3db6b16eba0c22a29a33276"
      }
    },
    {
      "identity" : "swift-collections",
      "kind" : "remoteSourceControl",
      "location" : "https://github.com/apple/swift-collections.git",
      "state" : {
        "revision" : "8c0c0a8b49e080e54e5e328cc552821ff07cd341",
        "version" : "1.2.1"
      }
    }
  ],
  "version" : 3
}
